
Microsoft Visual Studio Solution File, Format Version 12.00
# Visual Studio 15
VisualStudioVersion = 15.0.27130.2010
MinimumVisualStudioVersion = 10.0.40219.1
Project("{FAE04EC0-301F-11D3-BF4B-00C04F79EFBC}") = "RecognizeTextApp.Android", "RecognizeTextApp\RecognizeTextApp.Android\RecognizeTextApp.Android.csproj", "{CF24C758-2F38-4547-AFD6-C8510F572FD1}"
EndProject
Project("{FAE04EC0-301F-11D3-BF4B-00C04F79EFBC}") = "RecognizeTextApp.iOS", "RecognizeTextApp\RecognizeTextApp.iOS\RecognizeTextApp.iOS.csproj", "{86EA2776-9122-41E0-A4A2-5FCBB046CAC8}"
EndProject
Project("{FAE04EC0-301F-11D3-BF4B-00C04F79EFBC}") = "RecognizeTextApp.UWP", "RecognizeTextApp\RecognizeTextApp.UWP\RecognizeTextApp.UWP.csproj", "{F88E797E-112C-465C-8640-B866BBE44A08}"
EndProject
Project("{FAE04EC0-301F-11D3-BF4B-00C04F79EFBC}") = "RecognizeTextApp", "RecognizeTextApp\RecognizeTextApp\RecognizeTextApp.csproj", "{26053698-5BB2-4485-94E8-4938DAD17D67}"
EndProject
Global
	GlobalSection(SolutionConfigurationPlatforms) = preSolution
		Ad-Hoc|Any CPU = Ad-Hoc|Any CPU
		Ad-Hoc|ARM = Ad-Hoc|ARM
		Ad-Hoc|iPhone = Ad-Hoc|iPhone
		Ad-Hoc|iPhoneSimulator = Ad-Hoc|iPhoneSimulator
		Ad-Hoc|x64 = Ad-Hoc|x64
		Ad-Hoc|x86 = Ad-Hoc|x86
		AppStore|Any CPU = AppStore|Any CPU
		AppStore|ARM = AppStore|ARM
		AppStore|iPhone = AppStore|iPhone
		AppStore|iPhoneSimulator = AppStore|iPhoneSimulator
		AppStore|x64 = AppStore|x64
		AppStore|x86 = AppStore|x86
		Debug|Any CPU = Debug|Any CPU
		Debug|ARM = Debug|ARM
		Debug|iPhone = Debug|iPhone
		Debug|iPhoneSimulator = Debug|iPhoneSimulator
		Debug|x64 = Debug|x64
		Debug|x86 = Debug|x86
		Release|Any CPU = Release|Any CPU
		Release|ARM = Release|ARM
		Release|iPhone = Release|iPhone
		Release|iPhoneSimulator = Release|iPhoneSimulator
		Release|x64 = Release|x64
		Release|x86 = Release|x86
	EndGlobalSection
	GlobalSection(ProjectConfigurationPlatforms) = postSolution
		{CF24C758-2F38-4547-AFD6-C8510F572FD1}.Ad-Hoc|Any CPU.ActiveCfg = Release|Any CPU
		{CF24C758-2F38-4547-AFD6-C8510F572FD1}.Ad-Hoc|Any CPU.Build.0 = Release|Any CPU
		{CF24C758-2F38-4547-AFD6-C8510F572FD1}.Ad-Hoc|Any CPU.Deploy.0 = Release|Any CPU
		{CF24C758-2F38-4547-AFD6-C8510F572FD1}.Ad-Hoc|ARM.ActiveCfg = Release|Any CPU
		{CF24C758-2F38-4547-AFD6-C8510F572FD1}.Ad-Hoc|ARM.Build.0 = Release|Any CPU
		{CF24C758-2F38-4547-AFD6-C8510F572FD1}.Ad-Hoc|ARM.Deploy.0 = Release|Any CPU
		{CF24C758-2F38-4547-AFD6-C8510F572FD1}.Ad-Hoc|iPhone.ActiveCfg = Release|Any CPU
		{CF24C758-2F38-4547-AFD6-C8510F572FD1}.Ad-Hoc|iPhone.Build.0 = Release|Any CPU
		{CF24C758-2F38-4547-AFD6-C8510F572FD1}.Ad-Hoc|iPhone.Deploy.0 = Release|Any CPU
		{CF24C758-2F38-4547-AFD6-C8510F572FD1}.Ad-Hoc|iPhoneSimulator.ActiveCfg = Release|Any CPU
		{CF24C758-2F38-4547-AFD6-C8510F572FD1}.Ad-Hoc|iPhoneSimulator.Build.0 = Release|Any CPU
		{CF24C758-2F38-4547-AFD6-C8510F572FD1}.Ad-Hoc|iPhoneSimulator.Deploy.0 = Release|Any CPU
		{CF24C758-2F38-4547-AFD6-C8510F572FD1}.Ad-Hoc|x64.ActiveCfg = Release|Any CPU
		{CF24C758-2F38-4547-AFD6-C8510F572FD1}.Ad-Hoc|x64.Build.0 = Release|Any CPU
		{CF24C758-2F38-4547-AFD6-C8510F572FD1}.Ad-Hoc|x64.Deploy.0 = Release|Any CPU
		{CF24C758-2F38-4547-AFD6-C8510F572FD1}.Ad-Hoc|x86.ActiveCfg = Release|Any CPU
		{CF24C758-2F38-4547-AFD6-C8510F572FD1}.Ad-Hoc|x86.Build.0 = Release|Any CPU
		{CF24C758-2F38-4547-AFD6-C8510F572FD1}.Ad-Hoc|x86.Deploy.0 = Release|Any CPU
		{CF24C758-2F38-4547-AFD6-C8510F572FD1}.AppStore|Any CPU.ActiveCfg = Release|Any CPU
		{CF24C758-2F38-4547-AFD6-C8510F572FD1}.AppStore|Any CPU.Build.0 = Release|Any CPU
		{CF24C758-2F38-4547-AFD6-C8510F572FD1}.AppStore|Any CPU.Deploy.0 = Release|Any CPU
		{CF24C758-2F38-4547-AFD6-C8510F572FD1}.AppStore|ARM.ActiveCfg = Release|Any CPU
		{CF24C758-2F38-4547-AFD6-C8510F572FD1}.AppStore|ARM.Build.0 = Release|Any CPU
		{CF24C758-2F38-4547-AFD6-C8510F572FD1}.AppStore|ARM.Deploy.0 = Release|Any CPU
		{CF24C758-2F38-4547-AFD6-C8510F572FD1}.AppStore|iPhone.ActiveCfg = Release|Any CPU
		{CF24C758-2F38-4547-AFD6-C8510F572FD1}.AppStore|iPhone.Build.0 = Release|Any CPU
		{CF24C758-2F38-4547-AFD6-C8510F572FD1}.AppStore|iPhone.Deploy.0 = Release|Any CPU
		{CF24C758-2F38-4547-AFD6-C8510F572FD1}.AppStore|iPhoneSimulator.ActiveCfg = Release|Any CPU
		{CF24C758-2F38-4547-AFD6-C8510F572FD1}.AppStore|iPhoneSimulator.Build.0 = Release|Any CPU
		{CF24C758-2F38-4547-AFD6-C8510F572FD1}.AppStore|iPhoneSimulator.Deploy.0 = Release|Any CPU
		{CF24C758-2F38-4547-AFD6-C8510F572FD1}.AppStore|x64.ActiveCfg = Release|Any CPU
		{CF24C758-2F38-4547-AFD6-C8510F572FD1}.AppStore|x64.Build.0 = Release|Any CPU
		{CF24C758-2F38-4547-AFD6-C8510F572FD1}.AppStore|x64.Deploy.0 = Release|Any CPU
		{CF24C758-2F38-4547-AFD6-C8510F572FD1}.AppStore|x86.ActiveCfg = Release|Any CPU
		{CF24C758-2F38-4547-AFD6-C8510F572FD1}.AppStore|x86.Build.0 = Release|Any CPU
		{CF24C758-2F38-4547-AFD6-C8510F572FD1}.AppStore|x86.Deploy.0 = Release|Any CPU
		{CF24C758-2F38-4547-AFD6-C8510F572FD1}.Debug|Any CPU.ActiveCfg = Debug|Any CPU
		{CF24C758-2F38-4547-AFD6-C8510F572FD1}.Debug|Any CPU.Build.0 = Debug|Any CPU
		{CF24C758-2F38-4547-AFD6-C8510F572FD1}.Debug|Any CPU.Deploy.0 = Debug|Any CPU
		{CF24C758-2F38-4547-AFD6-C8510F572FD1}.Debug|ARM.ActiveCfg = Debug|Any CPU
		{CF24C758-2F38-4547-AFD6-C8510F572FD1}.Debug|ARM.Build.0 = Debug|Any CPU
		{CF24C758-2F38-4547-AFD6-C8510F572FD1}.Debug|ARM.Deploy.0 = Debug|Any CPU
		{CF24C758-2F38-4547-AFD6-C8510F572FD1}.Debug|iPhone.ActiveCfg = Debug|Any CPU
		{CF24C758-2F38-4547-AFD6-C8510F572FD1}.Debug|iPhone.Build.0 = Debug|Any CPU
		{CF24C758-2F38-4547-AFD6-C8510F572FD1}.Debug|iPhone.Deploy.0 = Debug|Any CPU
		{CF24C758-2F38-4547-AFD6-C8510F572FD1}.Debug|iPhoneSimulator.ActiveCfg = Debug|Any CPU
		{CF24C758-2F38-4547-AFD6-C8510F572FD1}.Debug|iPhoneSimulator.Build.0 = Debug|Any CPU
		{CF24C758-2F38-4547-AFD6-C8510F572FD1}.Debug|iPhoneSimulator.Deploy.0 = Debug|Any CPU
		{CF24C758-2F38-4547-AFD6-C8510F572FD1}.Debug|x64.ActiveCfg = Debug|Any CPU
		{CF24C758-2F38-4547-AFD6-C8510F572FD1}.Debug|x64.Build.0 = Debug|Any CPU
		{CF24C758-2F38-4547-AFD6-C8510F572FD1}.Debug|x64.Deploy.0 = Debug|Any CPU
		{CF24C758-2F38-4547-AFD6-C8510F572FD1}.Debug|x86.ActiveCfg = Debug|Any CPU
		{CF24C758-2F38-4547-AFD6-C8510F572FD1}.Debug|x86.Build.0 = Debug|Any CPU
		{CF24C758-2F38-4547-AFD6-C8510F572FD1}.Debug|x86.Deploy.0 = Debug|Any CPU
		{CF24C758-2F38-4547-AFD6-C8510F572FD1}.Release|Any CPU.ActiveCfg = Release|Any CPU
		{CF24C758-2F38-4547-AFD6-C8510F572FD1}.Release|Any CPU.Build.0 = Release|Any CPU
		{CF24C758-2F38-4547-AFD6-C8510F572FD1}.Release|Any CPU.Deploy.0 = Release|Any CPU
		{CF24C758-2F38-4547-AFD6-C8510F572FD1}.Release|ARM.ActiveCfg = Release|Any CPU
		{CF24C758-2F38-4547-AFD6-C8510F572FD1}.Release|ARM.Build.0 = Release|Any CPU
		{CF24C758-2F38-4547-AFD6-C8510F572FD1}.Release|ARM.Deploy.0 = Release|Any CPU
		{CF24C758-2F38-4547-AFD6-C8510F572FD1}.Release|iPhone.ActiveCfg = Release|Any CPU
		{CF24C758-2F38-4547-AFD6-C8510F572FD1}.Release|iPhone.Build.0 = Release|Any CPU
		{CF24C758-2F38-4547-AFD6-C8510F572FD1}.Release|iPhone.Deploy.0 = Release|Any CPU
		{CF24C758-2F38-4547-AFD6-C8510F572FD1}.Release|iPhoneSimulator.ActiveCfg = Release|Any CPU
		{CF24C758-2F38-4547-AFD6-C8510F572FD1}.Release|iPhoneSimulator.Build.0 = Release|Any CPU
		{CF24C758-2F38-4547-AFD6-C8510F572FD1}.Release|iPhoneSimulator.Deploy.0 = Release|Any CPU
		{CF24C758-2F38-4547-AFD6-C8510F572FD1}.Release|x64.ActiveCfg = Release|Any CPU
		{CF24C758-2F38-4547-AFD6-C8510F572FD1}.Release|x64.Build.0 = Release|Any CPU
		{CF24C758-2F38-4547-AFD6-C8510F572FD1}.Release|x64.Deploy.0 = Release|Any CPU
		{CF24C758-2F38-4547-AFD6-C8510F572FD1}.Release|x86.ActiveCfg = Release|Any CPU
		{CF24C758-2F38-4547-AFD6-C8510F572FD1}.Release|x86.Build.0 = Release|Any CPU
		{CF24C758-2F38-4547-AFD6-C8510F572FD1}.Release|x86.Deploy.0 = Release|Any CPU
		{86EA2776-9122-41E0-A4A2-5FCBB046CAC8}.Ad-Hoc|Any CPU.ActiveCfg = Ad-Hoc|iPhone
		{86EA2776-9122-41E0-A4A2-5FCBB046CAC8}.Ad-Hoc|ARM.ActiveCfg = Ad-Hoc|iPhone
		{86EA2776-9122-41E0-A4A2-5FCBB046CAC8}.Ad-Hoc|iPhone.ActiveCfg = Ad-Hoc|iPhone
		{86EA2776-9122-41E0-A4A2-5FCBB046CAC8}.Ad-Hoc|iPhone.Build.0 = Ad-Hoc|iPhone
		{86EA2776-9122-41E0-A4A2-5FCBB046CAC8}.Ad-Hoc|iPhoneSimulator.ActiveCfg = Ad-Hoc|iPhoneSimulator
		{86EA2776-9122-41E0-A4A2-5FCBB046CAC8}.Ad-Hoc|iPhoneSimulator.Build.0 = Ad-Hoc|iPhoneSimulator
		{86EA2776-9122-41E0-A4A2-5FCBB046CAC8}.Ad-Hoc|x64.ActiveCfg = Ad-Hoc|iPhone
		{86EA2776-9122-41E0-A4A2-5FCBB046CAC8}.Ad-Hoc|x86.ActiveCfg = Ad-Hoc|iPhone
		{86EA2776-9122-41E0-A4A2-5FCBB046CAC8}.AppStore|Any CPU.ActiveCfg = AppStore|iPhone
		{86EA2776-9122-41E0-A4A2-5FCBB046CAC8}.AppStore|ARM.ActiveCfg = AppStore|iPhone
		{86EA2776-9122-41E0-A4A2-5FCBB046CAC8}.AppStore|iPhone.ActiveCfg = AppStore|iPhone
		{86EA2776-9122-41E0-A4A2-5FCBB046CAC8}.AppStore|iPhone.Build.0 = AppStore|iPhone
		{86EA2776-9122-41E0-A4A2-5FCBB046CAC8}.AppStore|iPhoneSimulator.ActiveCfg = AppStore|iPhoneSimulator
		{86EA2776-9122-41E0-A4A2-5FCBB046CAC8}.AppStore|iPhoneSimulator.Build.0 = AppStore|iPhoneSimulator
		{86EA2776-9122-41E0-A4A2-5FCBB046CAC8}.AppStore|x64.ActiveCfg = AppStore|iPhone
		{86EA2776-9122-41E0-A4A2-5FCBB046CAC8}.AppStore|x86.ActiveCfg = AppStore|iPhone
		{86EA2776-9122-41E0-A4A2-5FCBB046CAC8}.Debug|Any CPU.ActiveCfg = Debug|iPhone
		{86EA2776-9122-41E0-A4A2-5FCBB046CAC8}.Debug|ARM.ActiveCfg = Debug|iPhone
		{86EA2776-9122-41E0-A4A2-5FCBB046CAC8}.Debug|iPhone.ActiveCfg = Debug|iPhone
		{86EA2776-9122-41E0-A4A2-5FCBB046CAC8}.Debug|iPhone.Build.0 = Debug|iPhone
		{86EA2776-9122-41E0-A4A2-5FCBB046CAC8}.Debug|iPhoneSimulator.ActiveCfg = Debug|iPhoneSimulator
		{86EA2776-9122-41E0-A4A2-5FCBB046CAC8}.Debug|iPhoneSimulator.Build.0 = Debug|iPhoneSimulator
		{86EA2776-9122-41E0-A4A2-5FCBB046CAC8}.Debug|x64.ActiveCfg = Debug|iPhone
		{86EA2776-9122-41E0-A4A2-5FCBB046CAC8}.Debug|x86.ActiveCfg = Debug|iPhone
		{86EA2776-9122-41E0-A4A2-5FCBB046CAC8}.Release|Any CPU.ActiveCfg = Release|iPhone
		{86EA2776-9122-41E0-A4A2-5FCBB046CAC8}.Release|ARM.ActiveCfg = Release|iPhone
		{86EA2776-9122-41E0-A4A2-5FCBB046CAC8}.Release|iPhone.ActiveCfg = Release|iPhone
		{86EA2776-9122-41E0-A4A2-5FCBB046CAC8}.Release|iPhone.Build.0 = Release|iPhone
		{86EA2776-9122-41E0-A4A2-5FCBB046CAC8}.Release|iPhoneSimulator.ActiveCfg = Release|iPhoneSimulator
		{86EA2776-9122-41E0-A4A2-5FCBB046CAC8}.Release|iPhoneSimulator.Build.0 = Release|iPhoneSimulator
		{86EA2776-9122-41E0-A4A2-5FCBB046CAC8}.Release|x64.ActiveCfg = Release|iPhone
		{86EA2776-9122-41E0-A4A2-5FCBB046CAC8}.Release|x86.ActiveCfg = Release|iPhone
		{F88E797E-112C-465C-8640-B866BBE44A08}.Ad-Hoc|Any CPU.ActiveCfg = Release|x86
		{F88E797E-112C-465C-8640-B866BBE44A08}.Ad-Hoc|Any CPU.Build.0 = Release|x86
		{F88E797E-112C-465C-8640-B866BBE44A08}.Ad-Hoc|Any CPU.Deploy.0 = Release|x86
		{F88E797E-112C-465C-8640-B866BBE44A08}.Ad-Hoc|ARM.ActiveCfg = Release|ARM
		{F88E797E-112C-465C-8640-B866BBE44A08}.Ad-Hoc|ARM.Build.0 = Release|ARM
		{F88E797E-112C-465C-8640-B866BBE44A08}.Ad-Hoc|ARM.Deploy.0 = Release|ARM
		{F88E797E-112C-465C-8640-B866BBE44A08}.Ad-Hoc|iPhone.ActiveCfg = Release|x86
		{F88E797E-112C-465C-8640-B866BBE44A08}.Ad-Hoc|iPhone.Build.0 = Release|x86
		{F88E797E-112C-465C-8640-B866BBE44A08}.Ad-Hoc|iPhone.Deploy.0 = Release|x86
		{F88E797E-112C-465C-8640-B866BBE44A08}.Ad-Hoc|iPhoneSimulator.ActiveCfg = Release|x86
		{F88E797E-112C-465C-8640-B866BBE44A08}.Ad-Hoc|iPhoneSimulator.Build.0 = Release|x86
		{F88E797E-112C-465C-8640-B866BBE44A08}.Ad-Hoc|iPhoneSimulator.Deploy.0 = Release|x86
		{F88E797E-112C-465C-8640-B866BBE44A08}.Ad-Hoc|x64.ActiveCfg = Release|x64
		{F88E797E-112C-465C-8640-B866BBE44A08}.Ad-Hoc|x64.Build.0 = Release|x64
		{F88E797E-112C-465C-8640-B866BBE44A08}.Ad-Hoc|x64.Deploy.0 = Release|x64
		{F88E797E-112C-465C-8640-B866BBE44A08}.Ad-Hoc|x86.ActiveCfg = Release|x86
		{F88E797E-112C-465C-8640-B866BBE44A08}.Ad-Hoc|x86.Build.0 = Release|x86
		{F88E797E-112C-465C-8640-B866BBE44A08}.Ad-Hoc|x86.Deploy.0 = Release|x86
		{F88E797E-112C-465C-8640-B866BBE44A08}.AppStore|Any CPU.ActiveCfg = Release|x86
		{F88E797E-112C-465C-8640-B866BBE44A08}.AppStore|Any CPU.Build.0 = Release|x86
		{F88E797E-112C-465C-8640-B866BBE44A08}.AppStore|Any CPU.Deploy.0 = Release|x86
		{F88E797E-112C-465C-8640-B866BBE44A08}.AppStore|ARM.ActiveCfg = Release|ARM
		{F88E797E-112C-465C-8640-B866BBE44A08}.AppStore|ARM.Build.0 = Release|ARM
		{F88E797E-112C-465C-8640-B866BBE44A08}.AppStore|ARM.Deploy.0 = Release|ARM
		{F88E797E-112C-465C-8640-B866BBE44A08}.AppStore|iPhone.ActiveCfg = Release|x86
		{F88E797E-112C-465C-8640-B866BBE44A08}.AppStore|iPhone.Build.0 = Release|x86
		{F88E797E-112C-465C-8640-B866BBE44A08}.AppStore|iPhone.Deploy.0 = Release|x86
		{F88E797E-112C-465C-8640-B866BBE44A08}.AppStore|iPhoneSimulator.ActiveCfg = Release|x86
		{F88E797E-112C-465C-8640-B866BBE44A08}.AppStore|iPhoneSimulator.Build.0 = Release|x86
		{F88E797E-112C-465C-8640-B866BBE44A08}.AppStore|iPhoneSimulator.Deploy.0 = Release|x86
		{F88E797E-112C-465C-8640-B866BBE44A08}.AppStore|x64.ActiveCfg = Release|x64
		{F88E797E-112C-465C-8640-B866BBE44A08}.AppStore|x64.Build.0 = Release|x64
		{F88E797E-112C-465C-8640-B866BBE44A08}.AppStore|x64.Deploy.0 = Release|x64
		{F88E797E-112C-465C-8640-B866BBE44A08}.AppStore|x86.ActiveCfg = Release|x86
		{F88E797E-112C-465C-8640-B866BBE44A08}.AppStore|x86.Build.0 = Release|x86
		{F88E797E-112C-465C-8640-B866BBE44A08}.AppStore|x86.Deploy.0 = Release|x86
		{F88E797E-112C-465C-8640-B866BBE44A08}.Debug|Any CPU.ActiveCfg = Debug|x86
		{F88E797E-112C-465C-8640-B866BBE44A08}.Debug|ARM.ActiveCfg = Debug|ARM
		{F88E797E-112C-465C-8640-B866BBE44A08}.Debug|ARM.Build.0 = Debug|ARM
		{F88E797E-112C-465C-8640-B866BBE44A08}.Debug|ARM.Deploy.0 = Debug|ARM
		{F88E797E-112C-465C-8640-B866BBE44A08}.Debug|iPhone.ActiveCfg = Debug|x86
		{F88E797E-112C-465C-8640-B866BBE44A08}.Debug|iPhoneSimulator.ActiveCfg = Debug|x86
		{F88E797E-112C-465C-8640-B866BBE44A08}.Debug|x64.ActiveCfg = Debug|x64
		{F88E797E-112C-465C-8640-B866BBE44A08}.Debug|x64.Build.0 = Debug|x64
		{F88E797E-112C-465C-8640-B866BBE44A08}.Debug|x64.Deploy.0 = Debug|x64
		{F88E797E-112C-465C-8640-B866BBE44A08}.Debug|x86.ActiveCfg = Debug|x86
		{F88E797E-112C-465C-8640-B866BBE44A08}.Debug|x86.Build.0 = Debug|x86
		{F88E797E-112C-465C-8640-B866BBE44A08}.Debug|x86.Deploy.0 = Debug|x86
		{F88E797E-112C-465C-8640-B866BBE44A08}.Release|Any CPU.ActiveCfg = Release|x86
		{F88E797E-112C-465C-8640-B866BBE44A08}.Release|ARM.ActiveCfg = Release|ARM
		{F88E797E-112C-465C-8640-B866BBE44A08}.Release|ARM.Build.0 = Release|ARM
		{F88E797E-112C-465C-8640-B866BBE44A08}.Release|ARM.Deploy.0 = Release|ARM
		{F88E797E-112C-465C-8640-B866BBE44A08}.Release|iPhone.ActiveCfg = Release|x86
		{F88E797E-112C-465C-8640-B866BBE44A08}.Release|iPhoneSimulator.ActiveCfg = Release|x86
		{F88E797E-112C-465C-8640-B866BBE44A08}.Release|x64.ActiveCfg = Release|x64
		{F88E797E-112C-465C-8640-B866BBE44A08}.Release|x64.Build.0 = Release|x64
		{F88E797E-112C-465C-8640-B866BBE44A08}.Release|x64.Deploy.0 = Release|x64
		{F88E797E-112C-465C-8640-B866BBE44A08}.Release|x86.ActiveCfg = Release|x86
		{F88E797E-112C-465C-8640-B866BBE44A08}.Release|x86.Build.0 = Release|x86
		{F88E797E-112C-465C-8640-B866BBE44A08}.Release|x86.Deploy.0 = Release|x86
		{26053698-5BB2-4485-94E8-4938DAD17D67}.Ad-Hoc|Any CPU.ActiveCfg = Debug|Any CPU
		{26053698-5BB2-4485-94E8-4938DAD17D67}.Ad-Hoc|Any CPU.Build.0 = Debug|Any CPU
		{26053698-5BB2-4485-94E8-4938DAD17D67}.Ad-Hoc|ARM.ActiveCfg = Debug|Any CPU
		{26053698-5BB2-4485-94E8-4938DAD17D67}.Ad-Hoc|ARM.Build.0 = Debug|Any CPU
		{26053698-5BB2-4485-94E8-4938DAD17D67}.Ad-Hoc|iPhone.ActiveCfg = Debug|Any CPU
		{26053698-5BB2-4485-94E8-4938DAD17D67}.Ad-Hoc|iPhone.Build.0 = Debug|Any CPU
		{26053698-5BB2-4485-94E8-4938DAD17D67}.Ad-Hoc|iPhoneSimulator.ActiveCfg = Debug|Any CPU
		{26053698-5BB2-4485-94E8-4938DAD17D67}.Ad-Hoc|iPhoneSimulator.Build.0 = Debug|Any CPU
		{26053698-5BB2-4485-94E8-4938DAD17D67}.Ad-Hoc|x64.ActiveCfg = Debug|Any CPU
		{26053698-5BB2-4485-94E8-4938DAD17D67}.Ad-Hoc|x64.Build.0 = Debug|Any CPU
		{26053698-5BB2-4485-94E8-4938DAD17D67}.Ad-Hoc|x86.ActiveCfg = Debug|Any CPU
		{26053698-5BB2-4485-94E8-4938DAD17D67}.Ad-Hoc|x86.Build.0 = Debug|Any CPU
		{26053698-5BB2-4485-94E8-4938DAD17D67}.AppStore|Any CPU.ActiveCfg = Debug|Any CPU
		{26053698-5BB2-4485-94E8-4938DAD17D67}.AppStore|Any CPU.Build.0 = Debug|Any CPU
		{26053698-5BB2-4485-94E8-4938DAD17D67}.AppStore|ARM.ActiveCfg = Debug|Any CPU
		{26053698-5BB2-4485-94E8-4938DAD17D67}.AppStore|ARM.Build.0 = Debug|Any CPU
		{26053698-5BB2-4485-94E8-4938DAD17D67}.AppStore|iPhone.ActiveCfg = Debug|Any CPU
		{26053698-5BB2-4485-94E8-4938DAD17D67}.AppStore|iPhone.Build.0 = Debug|Any CPU
		{26053698-5BB2-4485-94E8-4938DAD17D67}.AppStore|iPhoneSimulator.ActiveCfg = Debug|Any CPU
		{26053698-5BB2-4485-94E8-4938DAD17D67}.AppStore|iPhoneSimulator.Build.0 = Debug|Any CPU
		{26053698-5BB2-4485-94E8-4938DAD17D67}.AppStore|x64.ActiveCfg = Debug|Any CPU
		{26053698-5BB2-4485-94E8-4938DAD17D67}.AppStore|x64.Build.0 = Debug|Any CPU
		{26053698-5BB2-4485-94E8-4938DAD17D67}.AppStore|x86.ActiveCfg = Debug|Any CPU
		{26053698-5BB2-4485-94E8-4938DAD17D67}.AppStore|x86.Build.0 = Debug|Any CPU
		{26053698-5BB2-4485-94E8-4938DAD17D67}.Debug|Any CPU.ActiveCfg = Debug|Any CPU
		{26053698-5BB2-4485-94E8-4938DAD17D67}.Debug|Any CPU.Build.0 = Debug|Any CPU
		{26053698-5BB2-4485-94E8-4938DAD17D67}.Debug|ARM.ActiveCfg = Debug|Any CPU
		{26053698-5BB2-4485-94E8-4938DAD17D67}.Debug|ARM.Build.0 = Debug|Any CPU
		{26053698-5BB2-4485-94E8-4938DAD17D67}.Debug|iPhone.ActiveCfg = Debug|Any CPU
		{26053698-5BB2-4485-94E8-4938DAD17D67}.Debug|iPhone.Build.0 = Debug|Any CPU
		{26053698-5BB2-4485-94E8-4938DAD17D67}.Debug|iPhoneSimulator.ActiveCfg = Debug|Any CPU
		{26053698-5BB2-4485-94E8-4938DAD17D67}.Debug|iPhoneSimulator.Build.0 = Debug|Any CPU
		{26053698-5BB2-4485-94E8-4938DAD17D67}.Debug|x64.ActiveCfg = Debug|Any CPU
		{26053698-5BB2-4485-94E8-4938DAD17D67}.Debug|x64.Build.0 = Debug|Any CPU
		{26053698-5BB2-4485-94E8-4938DAD17D67}.Debug|x86.ActiveCfg = Debug|Any CPU
		{26053698-5BB2-4485-94E8-4938DAD17D67}.Debug|x86.Build.0 = Debug|Any CPU
		{26053698-5BB2-4485-94E8-4938DAD17D67}.Release|Any CPU.ActiveCfg = Release|Any CPU
		{26053698-5BB2-4485-94E8-4938DAD17D67}.Release|Any CPU.Build.0 = Release|Any CPU
		{26053698-5BB2-4485-94E8-4938DAD17D67}.Release|ARM.ActiveCfg = Release|Any CPU
		{26053698-5BB2-4485-94E8-4938DAD17D67}.Release|ARM.Build.0 = Release|Any CPU
		{26053698-5BB2-4485-94E8-4938DAD17D67}.Release|iPhone.ActiveCfg = Release|Any CPU
		{26053698-5BB2-4485-94E8-4938DAD17D67}.Release|iPhone.Build.0 = Release|Any CPU
		{26053698-5BB2-4485-94E8-4938DAD17D67}.Release|iPhoneSimulator.ActiveCfg = Release|Any CPU
		{26053698-5BB2-4485-94E8-4938DAD17D67}.Release|iPhoneSimulator.Build.0 = Release|Any CPU
		{26053698-5BB2-4485-94E8-4938DAD17D67}.Release|x64.ActiveCfg = Release|Any CPU
		{26053698-5BB2-4485-94E8-4938DAD17D67}.Release|x64.Build.0 = Release|Any CPU
		{26053698-5BB2-4485-94E8-4938DAD17D67}.Release|x86.ActiveCfg = Release|Any CPU
		{26053698-5BB2-4485-94E8-4938DAD17D67}.Release|x86.Build.0 = Release|Any CPU
	EndGlobalSection
	GlobalSection(SolutionProperties) = preSolution
		HideSolutionNode = FALSE
	EndGlobalSection
	GlobalSection(ExtensibilityGlobals) = postSolution
		SolutionGuid = {36A283FB-F018-42EF-A6F1-36A27DA9F291}
	EndGlobalSection
EndGlobal
